{
  "name": "ACS_ADB",
  "lockfileVersion": 2,
  "requires": true,
  "packages": {
    "": {
      "dependencies": {
        "semantic-ui-react": "^2.1.4"
      }
    },
    "node_modules/@babel/runtime": {
      "version": "7.22.3",
      "resolved": "https://registry.npmjs.org/@babel/runtime/-/runtime-7.22.3.tgz",
      "integrity": "sha512-XsDuspWKLUsxwCp6r7EhsExHtYfbe5oAGQ19kqngTdCPUoPQzOPdUbD/pB9PJiwb2ptYKQDjSJT3R6dC+EPqfQ==",
      "dependencies": {
        "regenerator-runtime": "^0.13.11"
      },
      "engines": {
        "node": ">=6.9.0"
      }
    },
    "node_modules/@fluentui/react-component-event-listener": {
      "version": "0.63.1",
      "resolved": "https://registry.npmjs.org/@fluentui/react-component-event-listener/-/react-component-event-listener-0.63.1.tgz",
      "integrity": "sha512-gSMdOh6tI3IJKZFqxfQwbTpskpME0CvxdxGM2tdglmf6ZPVDi0L4+KKIm+2dN8nzb8Ya1A8ZT+Ddq0KmZtwVQg==",
      "dependencies": {
        "@babel/runtime": "^7.10.4"
      },
      "peerDependencies": {
        "react": "^16.8.0 || ^17 || ^18",
        "react-dom": "^16.8.0 || ^17 || ^18"
      }
    },
    "node_modules/@fluentui/react-component-ref": {
      "version": "0.63.1",
      "resolved": "https://registry.npmjs.org/@fluentui/react-component-ref/-/react-component-ref-0.63.1.tgz",
      "integrity": "sha512-8MkXX4+R3i80msdbD4rFpEB4WWq2UDvGwG386g3ckIWbekdvN9z2kWAd9OXhRGqB7QeOsoAGWocp6gAMCivRlw==",
      "dependencies": {
        "@babel/runtime": "^7.10.4",
        "react-is": "^16.6.3"
      },
      "peerDependencies": {
        "react": "^16.8.0 || ^17 || ^18",
        "react-dom": "^16.8.0 || ^17 || ^18"
      }
    },
    "node_modules/@fluentui/react-component-ref/node_modules/react-is": {
      "version": "16.13.1",
      "resolved": "https://registry.npmjs.org/react-is/-/react-is-16.13.1.tgz",
      "integrity": "sha512-24e6ynE2H+OKt4kqsOvNd8kBpV65zoxbA4BVsEOB3ARVWQki/DHzaUoC5KuON/BiccDaCCTZBuOcfZs70kR8bQ=="
    },
    "node_modules/@popperjs/core": {
      "version": "2.11.8",
      "resolved": "https://registry.npmjs.org/@popperjs/core/-/core-2.11.8.tgz",
      "integrity": "sha512-P1st0aksCrn9sGZhp8GMYwBnQsbvAWsZAX44oXNNvLHGqAOcoVxmjZiohstwQ7SqKnbR47akdNi+uleWD8+g6A==",
      "funding": {
        "type": "opencollective",
        "url": "https://opencollective.com/popperjs"
      }
    },
    "node_modules/@semantic-ui-react/event-stack": {
      "version": "3.1.3",
      "resolved": "https://registry.npmjs.org/@semantic-ui-react/event-stack/-/event-stack-3.1.3.tgz",
      "integrity": "sha512-FdTmJyWvJaYinHrKRsMLDrz4tTMGdFfds299Qory53hBugiDvGC0tEJf+cHsi5igDwWb/CLOgOiChInHwq8URQ==",
      "dependencies": {
        "exenv": "^1.2.2",
        "prop-types": "^15.6.2"
      },
      "peerDependencies": {
        "react": "^16.0.0 || ^17.0.0 || ^18.0.0",
        "react-dom": "^16.0.0 || ^17.0.0 || ^18.0.0"
      }
    },
    "node_modules/clsx": {
      "version": "1.2.1",
      "resolved": "https://registry.npmjs.org/clsx/-/clsx-1.2.1.tgz",
      "integrity": "sha512-EcR6r5a8bj6pu3ycsa/E/cKVGuTgZJZdsyUYHOksG/UHIiKfjxzRxYJpyVBwYaQeOvghal9fcc4PidlgzugAQg==",
      "engines": {
        "node": ">=6"
      }
    },
    "node_modules/exenv": {
      "version": "1.2.2",
      "resolved": "https://registry.npmjs.org/exenv/-/exenv-1.2.2.tgz",
      "integrity": "sha512-Z+ktTxTwv9ILfgKCk32OX3n/doe+OcLTRtqK9pcL+JsP3J1/VW8Uvl4ZjLlKqeW4rzK4oesDOGMEMRIZqtP4Iw=="
    },
    "node_modules/js-tokens": {
      "version": "4.0.0",
      "resolved": "https://registry.npmjs.org/js-tokens/-/js-tokens-4.0.0.tgz",
      "integrity": "sha512-RdJUflcE3cUzKiMqQgsCu06FPu9UdIJO0beYbPhHN4k6apgJtifcoCtT9bcxOpYBtpD2kCM6Sbzg4CausW/PKQ=="
    },
    "node_modules/keyboard-key": {
      "version": "1.1.0",
      "resolved": "https://registry.npmjs.org/keyboard-key/-/keyboard-key-1.1.0.tgz",
      "integrity": "sha512-qkBzPTi3rlAKvX7k0/ub44sqOfXeLc/jcnGGmj5c7BJpU8eDrEVPyhCvNYAaoubbsLm9uGWwQJO1ytQK1a9/dQ=="
    },
    "node_modules/lodash": {
      "version": "4.17.21",
      "resolved": "https://registry.npmjs.org/lodash/-/lodash-4.17.21.tgz",
      "integrity": "sha512-v2kDEe57lecTulaDIuNTPy3Ry4gLGJ6Z1O3vE1krgXZNrsQ+LFTGHVxVjcXPs17LhbZVGedAJv8XZ1tvj5FvSg=="
    },
    "node_modules/lodash-es": {
      "version": "4.17.21",
      "resolved": "https://registry.npmjs.org/lodash-es/-/lodash-es-4.17.21.tgz",
      "integrity": "sha512-mKnC+QJ9pWVzv+C4/U3rRsHapFfHvQFoFB92e52xeyGMcX6/OlIl78je1u8vePzYZSkkogMPJ2yjxxsb89cxyw=="
    },
    "node_modules/loose-envify": {
      "version": "1.4.0",
      "resolved": "https://registry.npmjs.org/loose-envify/-/loose-envify-1.4.0.tgz",
      "integrity": "sha512-lyuxPGr/Wfhrlem2CL/UcnUc1zcqKAImBDzukY7Y5F/yQiNdko6+fRLevlw1HgMySw7f611UIY408EtxRSoK3Q==",
      "dependencies": {
        "js-tokens": "^3.0.0 || ^4.0.0"
      },
      "bin": {
        "loose-envify": "cli.js"
      }
    },
    "node_modules/object-assign": {
      "version": "4.1.1",
      "resolved": "https://registry.npmjs.org/object-assign/-/object-assign-4.1.1.tgz",
      "integrity": "sha512-rJgTQnkUnH1sFw8yT6VSU3zD3sWmu6sZhIseY8VX+GRu3P6F7Fu+JNDoXfklElbLJSnc3FUQHVe4cU5hj+BcUg==",
      "engines": {
        "node": ">=0.10.0"
      }
    },
    "node_modules/prop-types": {
      "version": "15.8.1",
      "resolved": "https://registry.npmjs.org/prop-types/-/prop-types-15.8.1.tgz",
      "integrity": "sha512-oj87CgZICdulUohogVAR7AjlC0327U4el4L6eAvOqCeudMDVU0NThNaV+b9Df4dXgSP1gXMTnPdhfe/2qDH5cg==",
      "dependencies": {
        "loose-envify": "^1.4.0",
        "object-assign": "^4.1.1",
        "react-is": "^16.13.1"
      }
    },
    "node_modules/prop-types/node_modules/react-is": {
      "version": "16.13.1",
      "resolved": "https://registry.npmjs.org/react-is/-/react-is-16.13.1.tgz",
      "integrity": "sha512-24e6ynE2H+OKt4kqsOvNd8kBpV65zoxbA4BVsEOB3ARVWQki/DHzaUoC5KuON/BiccDaCCTZBuOcfZs70kR8bQ=="
    },
    "node_modules/react": {
      "version": "18.2.0",
      "resolved": "https://registry.npmjs.org/react/-/react-18.2.0.tgz",
      "integrity": "sha512-/3IjMdb2L9QbBdWiW5e3P2/npwMBaU9mHCSCUzNln0ZCYbcfTsGbTJrU/kGemdH2IWmB2ioZ+zkxtmq6g09fGQ==",
      "peer": true,
      "dependencies": {
        "loose-envify": "^1.1.0"
      },
      "engines": {
        "node": ">=0.10.0"
      }
    },
    "node_modules/react-dom": {
      "version": "18.2.0",
      "resolved": "https://registry.npmjs.org/react-dom/-/react-dom-18.2.0.tgz",
      "integrity": "sha512-6IMTriUmvsjHUjNtEDudZfuDQUoWXVxKHhlEGSk81n4YFS+r/Kl99wXiwlVXtPBtJenozv2P+hxDsw9eA7Xo6g==",
      "peer": true,
      "dependencies": {
        "loose-envify": "^1.1.0",
        "scheduler": "^0.23.0"
      },
      "peerDependencies": {
        "react": "^18.2.0"
      }
    },
    "node_modules/react-fast-compare": {
      "version": "3.2.2",
      "resolved": "https://registry.npmjs.org/react-fast-compare/-/react-fast-compare-3.2.2.tgz",
      "integrity": "sha512-nsO+KSNgo1SbJqJEYRE9ERzo7YtYbou/OqjSQKxV7jcKox7+usiUVZOAC+XnDOABXggQTno0Y1CpVnuWEc1boQ=="
    },
    "node_modules/react-is": {
      "version": "18.2.0",
      "resolved": "https://registry.npmjs.org/react-is/-/react-is-18.2.0.tgz",
      "integrity": "sha512-xWGDIW6x921xtzPkhiULtthJHoJvBbF3q26fzloPCK0hsvxtPVelvftw3zjbHWSkR2km9Z+4uxbDDK/6Zw9B8w=="
    },
    "node_modules/react-popper": {
      "version": "2.3.0",
      "resolved": "https://registry.npmjs.org/react-popper/-/react-popper-2.3.0.tgz",
      "integrity": "sha512-e1hj8lL3uM+sgSR4Lxzn5h1GxBlpa4CQz0XLF8kx4MDrDRWY0Ena4c97PUeSX9i5W3UAfDP0z0FXCTQkoXUl3Q==",
      "dependencies": {
        "react-fast-compare": "^3.0.1",
        "warning": "^4.0.2"
      },
      "peerDependencies": {
        "@popperjs/core": "^2.0.0",
        "react": "^16.8.0 || ^17 || ^18",
        "react-dom": "^16.8.0 || ^17 || ^18"
      }
    },
    "node_modules/regenerator-runtime": {
      "version": "0.13.11",
      "resolved": "https://registry.npmjs.org/regenerator-runtime/-/regenerator-runtime-0.13.11.tgz",
      "integrity": "sha512-kY1AZVr2Ra+t+piVaJ4gxaFaReZVH40AKNo7UCX6W+dEwBo/2oZJzqfuN1qLq1oL45o56cPaTXELwrTh8Fpggg=="
    },
    "node_modules/scheduler": {
      "version": "0.23.0",
      "resolved": "https://registry.npmjs.org/scheduler/-/scheduler-0.23.0.tgz",
      "integrity": "sha512-CtuThmgHNg7zIZWAXi3AsyIzA3n4xx7aNyjwC2VJldO2LMVDhFK+63xGqq6CsJH4rTAt6/M+N4GhZiDYPx9eUw==",
      "peer": true,
      "dependencies": {
        "loose-envify": "^1.1.0"
      }
    },
    "node_modules/semantic-ui-react": {
      "version": "2.1.4",
      "resolved": "https://registry.npmjs.org/semantic-ui-react/-/semantic-ui-react-2.1.4.tgz",
      "integrity": "sha512-7CxjBoFUfH7fUvtn+SPkkIocthUD9kV3niF1mUMa9TbeyPAf2brtRCZBlT2OpHaXmkscFzGjEfhbJo9gKfotzQ==",
      "dependencies": {
        "@babel/runtime": "^7.10.5",
        "@fluentui/react-component-event-listener": "~0.63.0",
        "@fluentui/react-component-ref": "~0.63.0",
        "@popperjs/core": "^2.6.0",
        "@semantic-ui-react/event-stack": "^3.1.3",
        "clsx": "^1.1.1",
        "keyboard-key": "^1.1.0",
        "lodash": "^4.17.21",
        "lodash-es": "^4.17.21",
        "prop-types": "^15.7.2",
        "react-is": "^16.8.6 || ^17.0.0 || ^18.0.0",
        "react-popper": "^2.3.0",
        "shallowequal": "^1.1.0"
      },
      "peerDependencies": {
        "react": "^16.8.0 || ^17.0.0 || ^18.0.0",
        "react-dom": "^16.8.0 || ^17.0.0 || ^18.0.0"
      }
    },
    "node_modules/shallowequal": {
      "version": "1.1.0",
      "resolved": "https://registry.npmjs.org/shallowequal/-/shallowequal-1.1.0.tgz",
      "integrity": "sha512-y0m1JoUZSlPAjXVtPPW70aZWfIL/dSP7AFkRnniLCrK/8MDKog3TySTBmckD+RObVxH0v4Tox67+F14PdED2oQ=="
    },
    "node_modules/warning": {
      "version": "4.0.3",
      "resolved": "https://registry.npmjs.org/warning/-/warning-4.0.3.tgz",
      "integrity": "sha512-rpJyN222KWIvHJ/F53XSZv0Zl/accqHR8et1kpaMTD/fLCRxtV8iX8czMzY7sVZupTI3zcUTg8eycS2kNF9l6w==",
      "dependencies": {
        "loose-envify": "^1.0.0"
      }
    }
  },
  "dependencies": {
    "@babel/runtime": {
      "version": "7.22.3",
      "resolved": "https://registry.npmjs.org/@babel/runtime/-/runtime-7.22.3.tgz",
      "integrity": "sha512-XsDuspWKLUsxwCp6r7EhsExHtYfbe5oAGQ19kqngTdCPUoPQzOPdUbD/pB9PJiwb2ptYKQDjSJT3R6dC+EPqfQ==",
      "requires": {
        "regenerator-runtime": "^0.13.11"
      }
    },
    "@fluentui/react-component-event-listener": {
      "version": "0.63.1",
      "resolved": "https://registry.npmjs.org/@fluentui/react-component-event-listener/-/react-component-event-listener-0.63.1.tgz",
      "integrity": "sha512-gSMdOh6tI3IJKZFqxfQwbTpskpME0CvxdxGM2tdglmf6ZPVDi0L4+KKIm+2dN8nzb8Ya1A8ZT+Ddq0KmZtwVQg==",
      "requires": {
        "@babel/runtime": "^7.10.4"
      }
    },
    "@fluentui/react-component-ref": {
      "version": "0.63.1",
      "resolved": "https://registry.npmjs.org/@fluentui/react-component-ref/-/react-component-ref-0.63.1.tgz",
      "integrity": "sha512-8MkXX4+R3i80msdbD4rFpEB4WWq2UDvGwG386g3ckIWbekdvN9z2kWAd9OXhRGqB7QeOsoAGWocp6gAMCivRlw==",
      "requires": {
        "@babel/runtime": "^7.10.4",
        "react-is": "^16.6.3"
      },
      "dependencies": {
        "react-is": {
          "version": "16.13.1",
          "resolved": "https://registry.npmjs.org/react-is/-/react-is-16.13.1.tgz",
          "integrity": "sha512-24e6ynE2H+OKt4kqsOvNd8kBpV65zoxbA4BVsEOB3ARVWQki/DHzaUoC5KuON/BiccDaCCTZBuOcfZs70kR8bQ=="
        }
      }
    },
    "@popperjs/core": {
      "version": "2.11.8",
      "resolved": "https://registry.npmjs.org/@popperjs/core/-/core-2.11.8.tgz",
      "integrity": "sha512-P1st0aksCrn9sGZhp8GMYwBnQsbvAWsZAX44oXNNvLHGqAOcoVxmjZiohstwQ7SqKnbR47akdNi+uleWD8+g6A=="
    },
    "@semantic-ui-react/event-stack": {
      "version": "3.1.3",
      "resolved": "https://registry.npmjs.org/@semantic-ui-react/event-stack/-/event-stack-3.1.3.tgz",
      "integrity": "sha512-FdTmJyWvJaYinHrKRsMLDrz4tTMGdFfds299Qory53hBugiDvGC0tEJf+cHsi5igDwWb/CLOgOiChInHwq8URQ==",
      "requires": {
        "exenv": "^1.2.2",
        "prop-types": "^15.6.2"
      }
    },
    "clsx": {
      "version": "1.2.1",
      "resolved": "https://registry.npmjs.org/clsx/-/clsx-1.2.1.tgz",
      "integrity": "sha512-EcR6r5a8bj6pu3ycsa/E/cKVGuTgZJZdsyUYHOksG/UHIiKfjxzRxYJpyVBwYaQeOvghal9fcc4PidlgzugAQg=="
    },
    "exenv": {
      "version": "1.2.2",
      "resolved": "https://registry.npmjs.org/exenv/-/exenv-1.2.2.tgz",
      "integrity": "sha512-Z+ktTxTwv9ILfgKCk32OX3n/doe+OcLTRtqK9pcL+JsP3J1/VW8Uvl4ZjLlKqeW4rzK4oesDOGMEMRIZqtP4Iw=="
    },
    "js-tokens": {
      "version": "4.0.0",
      "resolved": "https://registry.npmjs.org/js-tokens/-/js-tokens-4.0.0.tgz",
      "integrity": "sha512-RdJUflcE3cUzKiMqQgsCu06FPu9UdIJO0beYbPhHN4k6apgJtifcoCtT9bcxOpYBtpD2kCM6Sbzg4CausW/PKQ=="
    },
    "keyboard-key": {
      "version": "1.1.0",
      "resolved": "https://registry.npmjs.org/keyboard-key/-/keyboard-key-1.1.0.tgz",
      "integrity": "sha512-qkBzPTi3rlAKvX7k0/ub44sqOfXeLc/jcnGGmj5c7BJpU8eDrEVPyhCvNYAaoubbsLm9uGWwQJO1ytQK1a9/dQ=="
    },
    "lodash": {
      "version": "4.17.21",
      "resolved": "https://registry.npmjs.org/lodash/-/lodash-4.17.21.tgz",
      "integrity": "sha512-v2kDEe57lecTulaDIuNTPy3Ry4gLGJ6Z1O3vE1krgXZNrsQ+LFTGHVxVjcXPs17LhbZVGedAJv8XZ1tvj5FvSg=="
    },
    "lodash-es": {
      "version": "4.17.21",
      "resolved": "https://registry.npmjs.org/lodash-es/-/lodash-es-4.17.21.tgz",
      "integrity": "sha512-mKnC+QJ9pWVzv+C4/U3rRsHapFfHvQFoFB92e52xeyGMcX6/OlIl78je1u8vePzYZSkkogMPJ2yjxxsb89cxyw=="
    },
    "loose-envify": {
      "version": "1.4.0",
      "resolved": "https://registry.npmjs.org/loose-envify/-/loose-envify-1.4.0.tgz",
      "integrity": "sha512-lyuxPGr/Wfhrlem2CL/UcnUc1zcqKAImBDzukY7Y5F/yQiNdko6+fRLevlw1HgMySw7f611UIY408EtxRSoK3Q==",
      "requires": {
        "js-tokens": "^3.0.0 || ^4.0.0"
      }
    },
    "object-assign": {
      "version": "4.1.1",
      "resolved": "https://registry.npmjs.org/object-assign/-/object-assign-4.1.1.tgz",
      "integrity": "sha512-rJgTQnkUnH1sFw8yT6VSU3zD3sWmu6sZhIseY8VX+GRu3P6F7Fu+JNDoXfklElbLJSnc3FUQHVe4cU5hj+BcUg=="
    },
    "prop-types": {
      "version": "15.8.1",
      "resolved": "https://registry.npmjs.org/prop-types/-/prop-types-15.8.1.tgz",
      "integrity": "sha512-oj87CgZICdulUohogVAR7AjlC0327U4el4L6eAvOqCeudMDVU0NThNaV+b9Df4dXgSP1gXMTnPdhfe/2qDH5cg==",
      "requires": {
        "loose-envify": "^1.4.0",
        "object-assign": "^4.1.1",
        "react-is": "^16.13.1"
      },
      "dependencies": {
        "react-is": {
          "version": "16.13.1",
          "resolved": "https://registry.npmjs.org/react-is/-/react-is-16.13.1.tgz",
          "integrity": "sha512-24e6ynE2H+OKt4kqsOvNd8kBpV65zoxbA4BVsEOB3ARVWQki/DHzaUoC5KuON/BiccDaCCTZBuOcfZs70kR8bQ=="
        }
      }
    },
    "react": {
      "version": "18.2.0",
      "resolved": "https://registry.npmjs.org/react/-/react-18.2.0.tgz",
      "integrity": "sha512-/3IjMdb2L9QbBdWiW5e3P2/npwMBaU9mHCSCUzNln0ZCYbcfTsGbTJrU/kGemdH2IWmB2ioZ+zkxtmq6g09fGQ==",
      "peer": true,
      "requires": {
        "loose-envify": "^1.1.0"
      }
    },
    "react-dom": {
      "version": "18.2.0",
      "resolved": "https://registry.npmjs.org/react-dom/-/react-dom-18.2.0.tgz",
      "integrity": "sha512-6IMTriUmvsjHUjNtEDudZfuDQUoWXVxKHhlEGSk81n4YFS+r/Kl99wXiwlVXtPBtJenozv2P+hxDsw9eA7Xo6g==",
      "peer": true,
      "requires": {
        "loose-envify": "^1.1.0",
        "scheduler": "^0.23.0"
      }
    },
    "react-fast-compare": {
      "version": "3.2.2",
      "resolved": "https://registry.npmjs.org/react-fast-compare/-/react-fast-compare-3.2.2.tgz",
      "integrity": "sha512-nsO+KSNgo1SbJqJEYRE9ERzo7YtYbou/OqjSQKxV7jcKox7+usiUVZOAC+XnDOABXggQTno0Y1CpVnuWEc1boQ=="
    },
    "react-is": {
      "version": "18.2.0",
      "resolved": "https://registry.npmjs.org/react-is/-/react-is-18.2.0.tgz",
      "integrity": "sha512-xWGDIW6x921xtzPkhiULtthJHoJvBbF3q26fzloPCK0hsvxtPVelvftw3zjbHWSkR2km9Z+4uxbDDK/6Zw9B8w=="
    },
    "react-popper": {
      "version": "2.3.0",
      "resolved": "https://registry.npmjs.org/react-popper/-/react-popper-2.3.0.tgz",
      "integrity": "sha512-e1hj8lL3uM+sgSR4Lxzn5h1GxBlpa4CQz0XLF8kx4MDrDRWY0Ena4c97PUeSX9i5W3UAfDP0z0FXCTQkoXUl3Q==",
      "requires": {
        "react-fast-compare": "^3.0.1",
        "warning": "^4.0.2"
      }
    },
    "regenerator-runtime": {
      "version": "0.13.11",
      "resolved": "https://registry.npmjs.org/regenerator-runtime/-/regenerator-runtime-0.13.11.tgz",
      "integrity": "sha512-kY1AZVr2Ra+t+piVaJ4gxaFaReZVH40AKNo7UCX6W+dEwBo/2oZJzqfuN1qLq1oL45o56cPaTXELwrTh8Fpggg=="
    },
    "scheduler": {
      "version": "0.23.0",
      "resolved": "https://registry.npmjs.org/scheduler/-/scheduler-0.23.0.tgz",
      "integrity": "sha512-CtuThmgHNg7zIZWAXi3AsyIzA3n4xx7aNyjwC2VJldO2LMVDhFK+63xGqq6CsJH4rTAt6/M+N4GhZiDYPx9eUw==",
      "peer": true,
      "requires": {
        "loose-envify": "^1.1.0"
      }
    },
    "semantic-ui-react": {
      "version": "2.1.4",
      "resolved": "https://registry.npmjs.org/semantic-ui-react/-/semantic-ui-react-2.1.4.tgz",
      "integrity": "sha512-7CxjBoFUfH7fUvtn+SPkkIocthUD9kV3niF1mUMa9TbeyPAf2brtRCZBlT2OpHaXmkscFzGjEfhbJo9gKfotzQ==",
      "requires": {
        "@babel/runtime": "^7.10.5",
        "@fluentui/react-component-event-listener": "~0.63.0",
        "@fluentui/react-component-ref": "~0.63.0",
        "@popperjs/core": "^2.6.0",
        "@semantic-ui-react/event-stack": "^3.1.3",
        "clsx": "^1.1.1",
        "keyboard-key": "^1.1.0",
        "lodash": "^4.17.21",
        "lodash-es": "^4.17.21",
        "prop-types": "^15.7.2",
        "react-is": "^16.8.6 || ^17.0.0 || ^18.0.0",
        "react-popper": "^2.3.0",
        "shallowequal": "^1.1.0"
      }
    },
    "shallowequal": {
      "version": "1.1.0",
      "resolved": "https://registry.npmjs.org/shallowequal/-/shallowequal-1.1.0.tgz",
      "integrity": "sha512-y0m1JoUZSlPAjXVtPPW70aZWfIL/dSP7AFkRnniLCrK/8MDKog3TySTBmckD+RObVxH0v4Tox67+F14PdED2oQ=="
    },
    "warning": {
      "version": "4.0.3",
      "resolved": "https://registry.npmjs.org/warning/-/warning-4.0.3.tgz",
      "integrity": "sha512-rpJyN222KWIvHJ/F53XSZv0Zl/accqHR8et1kpaMTD/fLCRxtV8iX8czMzY7sVZupTI3zcUTg8eycS2kNF9l6w==",
      "requires": {
        "loose-envify": "^1.0.0"
      }
    }
  }
}
